
Microsoft Visual Studio Solution File, Format Version 12.00
# Visual Studio Version 16
VisualStudioVersion = 16.0.30907.101
MinimumVisualStudioVersion = 10.0.40219.1
Project("{FAE04EC0-301F-11D3-BF4B-00C04F79EFBC}") = "MyDictionaryBeta", "MyDictionary\MyDictionaryBeta.csproj", "{F5C6EC01-B334-498B-8074-81F4A37B5B80}"
EndProject
Global
	GlobalSection(SolutionConfigurationPlatforms) = preSolution
		Debug|Any CPU = Debug|Any CPU
		Release|Any CPU = Release|Any CPU
	EndGlobalSection
	GlobalSection(ProjectConfigurationPlatforms) = postSolution
		{F5C6EC01-B334-498B-8074-81F4A37B5B80}.Debug|Any CPU.ActiveCfg = Debug|Any CPU
		{F5C6EC01-B334-498B-8074-81F4A37B5B80}.Debug|Any CPU.Build.0 = Debug|Any CPU
		{F5C6EC01-B334-498B-8074-81F4A37B5B80}.Release|Any CPU.ActiveCfg = Release|Any CPU
		{F5C6EC01-B334-498B-8074-81F4A37B5B80}.Release|Any CPU.Build.0 = Release|Any CPU
	EndGlobalSection
	GlobalSection(SolutionProperties) = preSolution
		HideSolutionNode = FALSE
	EndGlobalSection
	GlobalSection(ExtensibilityGlobals) = postSolution
		SolutionGuid = {DD11F14E-8C39-42F3-A28F-CD8B054AF039}
	EndGlobalSection
EndGlobal
